<?xml version="1.0" encoding="UTF-8" standalone="yes" ?>
<CodeBlocks_project_file>
	<FileVersion major="1" minor="6" />
	<Project>
		<Option title="vmc786" />
		<Option pch_mode="2" />
		<Option compiler="gcc" />
		<Build>
			<Target title="Debug">
				<Option output="bin/Debug/vmc786" prefix_auto="1" extension_auto="1" />
				<Option object_output="obj/Debug/" />
				<Option type="1" />
				<Option compiler="gcc" />
				<Compiler>
					<Add option="-g" />
				</Compiler>
			</Target>
			<Target title="Release">
				<Option output="bin/Release/vmc786" prefix_auto="1" extension_auto="1" />
				<Option object_output="obj/Release/" />
				<Option type="1" />
				<Option compiler="gcc" />
				<Compiler>
					<Add option="-O2" />
				</Compiler>
				<Linker>
					<Add option="-s" />
				</Linker>
			</Target>
		</Build>
		<Compiler>
			<Add option="-Wall" />
			<Add option="-std=c99" />
			<Add directory="../../../Programas/CodeBlocks/MinGW/x86_64-w64-mingw32/include" />
		</Compiler>
		<Unit filename="src/c786/cpu/cpu.c">
			<Option compilerVar="CC" />
		</Unit>
		<Unit filename="src/c786/cpu/cpu.h" />
		<Unit filename="src/c786/cpu/memory.c">
			<Option compilerVar="CC" />
		</Unit>
		<Unit filename="src/c786/cpu/memory.h" />
		<Unit filename="src/c786/cpu/mpage.h" />
		<Unit filename="src/c786/cpu/msegment.c">
			<Option compilerVar="CC" />
		</Unit>
		<Unit filename="src/c786/cpu/msegment.h" />
		<Unit filename="src/c786/cpu/register.c">
			<Option compilerVar="CC" />
		</Unit>
		<Unit filename="src/c786/cpu/register.h" />
		<Unit filename="src/c786/memory/bus.c">
			<Option compilerVar="CC" />
		</Unit>
		<Unit filename="src/c786/memory/bus.h" />
		<Unit filename="src/c786/types.h" />
		<Unit filename="src/main.c">
			<Option compilerVar="CC" />
		</Unit>
		<Extensions>
			<lib_finder disable_auto="1" />
		</Extensions>
	</Project>
</CodeBlocks_project_file>
